
Microsoft Visual Studio Solution File, Format Version 12.00
# Visual Studio Version 17
VisualStudioVersion = 17.4.33213.308
MinimumVisualStudioVersion = 10.0.40219.1
Project("{FAE04EC0-301F-11D3-BF4B-00C04F79EFBC}") = "Robot_3_Axis_UI", "Robot_3_Axis_UI\Robot_3_Axis_UI.csproj", "{DA59CA40-412C-4010-AB91-8CC4FD905E29}"
EndProject
Global
	GlobalSection(SolutionConfigurationPlatforms) = preSolution
		Debug|Any CPU = Debug|Any CPU
		Release|Any CPU = Release|Any CPU
	EndGlobalSection
	GlobalSection(ProjectConfigurationPlatforms) = postSolution
		{DA59CA40-412C-4010-AB91-8CC4FD905E29}.Debug|Any CPU.ActiveCfg = Debug|Any CPU
		{DA59CA40-412C-4010-AB91-8CC4FD905E29}.Debug|Any CPU.Build.0 = Debug|Any CPU
		{DA59CA40-412C-4010-AB91-8CC4FD905E29}.Release|Any CPU.ActiveCfg = Release|Any CPU
		{DA59CA40-412C-4010-AB91-8CC4FD905E29}.Release|Any CPU.Build.0 = Release|Any CPU
	EndGlobalSection
	GlobalSection(SolutionProperties) = preSolution
		HideSolutionNode = FALSE
	EndGlobalSection
	GlobalSection(ExtensibilityGlobals) = postSolution
		SolutionGuid = {8FC4D01A-662E-43F5-A59C-A17E9D6908EC}
	EndGlobalSection
EndGlobal
